
Microsoft Visual Studio Solution File, Format Version 12.00
# Visual Studio Version 16
VisualStudioVersion = 16.6.30114.105
MinimumVisualStudioVersion = 10.0.40219.1
Project("{FAE04EC0-301F-11D3-BF4B-00C04F79EFBC}") = "JT.CodeKataClasses", "JT.CodeKataClasses\JT.CodeKataClasses.csproj", "{08D1C068-22F3-4D74-B4C7-DAA7BF6A6187}"
EndProject
Project("{FAE04EC0-301F-11D3-BF4B-00C04F79EFBC}") = "JT.CodeKataClasses.Test", "JT.CodeKataClasses.Test\JT.CodeKataClasses.Test.csproj", "{415860A0-6C47-4D74-9A94-08367C51F498}"
EndProject
Project("{FAE04EC0-301F-11D3-BF4B-00C04F79EFBC}") = "JT.RunKata", "JT.RunKata\JT.RunKata.csproj", "{3CC13657-3A57-4AA1-8B8F-DB41F8688671}"
EndProject
Global
	GlobalSection(SolutionConfigurationPlatforms) = preSolution
		Debug|Any CPU = Debug|Any CPU
		Debug|x64 = Debug|x64
		Debug|x86 = Debug|x86
		Release|Any CPU = Release|Any CPU
		Release|x64 = Release|x64
		Release|x86 = Release|x86
	EndGlobalSection
	GlobalSection(SolutionProperties) = preSolution
		HideSolutionNode = FALSE
	EndGlobalSection
	GlobalSection(ProjectConfigurationPlatforms) = postSolution
		{08D1C068-22F3-4D74-B4C7-DAA7BF6A6187}.Debug|Any CPU.ActiveCfg = Debug|Any CPU
		{08D1C068-22F3-4D74-B4C7-DAA7BF6A6187}.Debug|Any CPU.Build.0 = Debug|Any CPU
		{08D1C068-22F3-4D74-B4C7-DAA7BF6A6187}.Debug|x64.ActiveCfg = Debug|Any CPU
		{08D1C068-22F3-4D74-B4C7-DAA7BF6A6187}.Debug|x64.Build.0 = Debug|Any CPU
		{08D1C068-22F3-4D74-B4C7-DAA7BF6A6187}.Debug|x86.ActiveCfg = Debug|Any CPU
		{08D1C068-22F3-4D74-B4C7-DAA7BF6A6187}.Debug|x86.Build.0 = Debug|Any CPU
		{08D1C068-22F3-4D74-B4C7-DAA7BF6A6187}.Release|Any CPU.ActiveCfg = Release|Any CPU
		{08D1C068-22F3-4D74-B4C7-DAA7BF6A6187}.Release|Any CPU.Build.0 = Release|Any CPU
		{08D1C068-22F3-4D74-B4C7-DAA7BF6A6187}.Release|x64.ActiveCfg = Release|Any CPU
		{08D1C068-22F3-4D74-B4C7-DAA7BF6A6187}.Release|x64.Build.0 = Release|Any CPU
		{08D1C068-22F3-4D74-B4C7-DAA7BF6A6187}.Release|x86.ActiveCfg = Release|Any CPU
		{08D1C068-22F3-4D74-B4C7-DAA7BF6A6187}.Release|x86.Build.0 = Release|Any CPU
		{415860A0-6C47-4D74-9A94-08367C51F498}.Debug|Any CPU.ActiveCfg = Debug|Any CPU
		{415860A0-6C47-4D74-9A94-08367C51F498}.Debug|Any CPU.Build.0 = Debug|Any CPU
		{415860A0-6C47-4D74-9A94-08367C51F498}.Debug|x64.ActiveCfg = Debug|Any CPU
		{415860A0-6C47-4D74-9A94-08367C51F498}.Debug|x64.Build.0 = Debug|Any CPU
		{415860A0-6C47-4D74-9A94-08367C51F498}.Debug|x86.ActiveCfg = Debug|Any CPU
		{415860A0-6C47-4D74-9A94-08367C51F498}.Debug|x86.Build.0 = Debug|Any CPU
		{415860A0-6C47-4D74-9A94-08367C51F498}.Release|Any CPU.ActiveCfg = Release|Any CPU
		{415860A0-6C47-4D74-9A94-08367C51F498}.Release|Any CPU.Build.0 = Release|Any CPU
		{415860A0-6C47-4D74-9A94-08367C51F498}.Release|x64.ActiveCfg = Release|Any CPU
		{415860A0-6C47-4D74-9A94-08367C51F498}.Release|x64.Build.0 = Release|Any CPU
		{415860A0-6C47-4D74-9A94-08367C51F498}.Release|x86.ActiveCfg = Release|Any CPU
		{415860A0-6C47-4D74-9A94-08367C51F498}.Release|x86.Build.0 = Release|Any CPU
		{3CC13657-3A57-4AA1-8B8F-DB41F8688671}.Debug|Any CPU.ActiveCfg = Debug|Any CPU
		{3CC13657-3A57-4AA1-8B8F-DB41F8688671}.Debug|Any CPU.Build.0 = Debug|Any CPU
		{3CC13657-3A57-4AA1-8B8F-DB41F8688671}.Debug|x64.ActiveCfg = Debug|Any CPU
		{3CC13657-3A57-4AA1-8B8F-DB41F8688671}.Debug|x64.Build.0 = Debug|Any CPU
		{3CC13657-3A57-4AA1-8B8F-DB41F8688671}.Debug|x86.ActiveCfg = Debug|Any CPU
		{3CC13657-3A57-4AA1-8B8F-DB41F8688671}.Debug|x86.Build.0 = Debug|Any CPU
		{3CC13657-3A57-4AA1-8B8F-DB41F8688671}.Release|Any CPU.ActiveCfg = Release|Any CPU
		{3CC13657-3A57-4AA1-8B8F-DB41F8688671}.Release|Any CPU.Build.0 = Release|Any CPU
		{3CC13657-3A57-4AA1-8B8F-DB41F8688671}.Release|x64.ActiveCfg = Release|Any CPU
		{3CC13657-3A57-4AA1-8B8F-DB41F8688671}.Release|x64.Build.0 = Release|Any CPU
		{3CC13657-3A57-4AA1-8B8F-DB41F8688671}.Release|x86.ActiveCfg = Release|Any CPU
		{3CC13657-3A57-4AA1-8B8F-DB41F8688671}.Release|x86.Build.0 = Release|Any CPU
	EndGlobalSection
EndGlobal
